
Microsoft Visual Studio Solution File, Format Version 12.00
# Visual Studio 15
VisualStudioVersion = 15.0.28010.0
MinimumVisualStudioVersion = 10.0.40219.1
Project("{8BC9CEB8-8B4A-11D0-8D11-00A0C91BC942}") = "Gauss", "Gauss\Gauss.vcxproj", "{D9633BE4-E1B3-4AD9-8CEB-2937A44F7E5F}"
EndProject
Global
	GlobalSection(SolutionConfigurationPlatforms) = preSolution
		Debug|x64 = Debug|x64
		Debug|x86 = Debug|x86
		Release|x64 = Release|x64
		Release|x86 = Release|x86
	EndGlobalSection
	GlobalSection(ProjectConfigurationPlatforms) = postSolution
		{D9633BE4-E1B3-4AD9-8CEB-2937A44F7E5F}.Debug|x64.ActiveCfg = Debug|x64
		{D9633BE4-E1B3-4AD9-8CEB-2937A44F7E5F}.Debug|x64.Build.0 = Debug|x64
		{D9633BE4-E1B3-4AD9-8CEB-2937A44F7E5F}.Debug|x86.ActiveCfg = Debug|Win32
		{D9633BE4-E1B3-4AD9-8CEB-2937A44F7E5F}.Debug|x86.Build.0 = Debug|Win32
		{D9633BE4-E1B3-4AD9-8CEB-2937A44F7E5F}.Release|x64.ActiveCfg = Release|x64
		{D9633BE4-E1B3-4AD9-8CEB-2937A44F7E5F}.Release|x64.Build.0 = Release|x64
		{D9633BE4-E1B3-4AD9-8CEB-2937A44F7E5F}.Release|x86.ActiveCfg = Release|Win32
		{D9633BE4-E1B3-4AD9-8CEB-2937A44F7E5F}.Release|x86.Build.0 = Release|Win32
	EndGlobalSection
	GlobalSection(SolutionProperties) = preSolution
		HideSolutionNode = FALSE
	EndGlobalSection
	GlobalSection(ExtensibilityGlobals) = postSolution
		SolutionGuid = {534405BB-6091-4B2E-B92A-D775CB4BB8D5}
	EndGlobalSection
EndGlobal
