
Microsoft Visual Studio Solution File, Format Version 12.00
# Visual Studio 15
VisualStudioVersion = 15.0.27428.2043
MinimumVisualStudioVersion = 10.0.40219.1
Project("{8BC9CEB8-8B4A-11D0-8D11-00A0C91BC942}") = "KAKAYTA_PARA_PO_ASSEMBLERU", "KAKAYTA_PARA_PO_ASSEMBLERU\KAKAYTA_PARA_PO_ASSEMBLERU.vcxproj", "{5F49F1D4-230D-4174-85B0-0EA0726EA901}"
EndProject
Global
	GlobalSection(SolutionConfigurationPlatforms) = preSolution
		Debug|x64 = Debug|x64
		Debug|x86 = Debug|x86
		Release|x64 = Release|x64
		Release|x86 = Release|x86
	EndGlobalSection
	GlobalSection(ProjectConfigurationPlatforms) = postSolution
		{5F49F1D4-230D-4174-85B0-0EA0726EA901}.Debug|x64.ActiveCfg = Debug|x64
		{5F49F1D4-230D-4174-85B0-0EA0726EA901}.Debug|x64.Build.0 = Debug|x64
		{5F49F1D4-230D-4174-85B0-0EA0726EA901}.Debug|x86.ActiveCfg = Debug|Win32
		{5F49F1D4-230D-4174-85B0-0EA0726EA901}.Debug|x86.Build.0 = Debug|Win32
		{5F49F1D4-230D-4174-85B0-0EA0726EA901}.Release|x64.ActiveCfg = Release|x64
		{5F49F1D4-230D-4174-85B0-0EA0726EA901}.Release|x64.Build.0 = Release|x64
		{5F49F1D4-230D-4174-85B0-0EA0726EA901}.Release|x86.ActiveCfg = Release|Win32
		{5F49F1D4-230D-4174-85B0-0EA0726EA901}.Release|x86.Build.0 = Release|Win32
	EndGlobalSection
	GlobalSection(SolutionProperties) = preSolution
		HideSolutionNode = FALSE
	EndGlobalSection
	GlobalSection(ExtensibilityGlobals) = postSolution
		SolutionGuid = {9D6842FF-7E98-48C5-83B2-C40AD22EF28C}
	EndGlobalSection
EndGlobal
