
Microsoft Visual Studio Solution File, Format Version 12.00
# Visual Studio 15
VisualStudioVersion = 15.0.27428.2015
MinimumVisualStudioVersion = 10.0.40219.1
Project("{8BC9CEB8-8B4A-11D0-8D11-00A0C91BC942}") = "5razdel2", "5razdel2\5razdel2.vcxproj", "{B65109F2-67E4-4D2F-AED5-ACD419719AC0}"
EndProject
Global
	GlobalSection(SolutionConfigurationPlatforms) = preSolution
		Debug|x64 = Debug|x64
		Debug|x86 = Debug|x86
		Release|x64 = Release|x64
		Release|x86 = Release|x86
	EndGlobalSection
	GlobalSection(ProjectConfigurationPlatforms) = postSolution
		{B65109F2-67E4-4D2F-AED5-ACD419719AC0}.Debug|x64.ActiveCfg = Debug|x64
		{B65109F2-67E4-4D2F-AED5-ACD419719AC0}.Debug|x64.Build.0 = Debug|x64
		{B65109F2-67E4-4D2F-AED5-ACD419719AC0}.Debug|x86.ActiveCfg = Debug|Win32
		{B65109F2-67E4-4D2F-AED5-ACD419719AC0}.Debug|x86.Build.0 = Debug|Win32
		{B65109F2-67E4-4D2F-AED5-ACD419719AC0}.Release|x64.ActiveCfg = Release|x64
		{B65109F2-67E4-4D2F-AED5-ACD419719AC0}.Release|x64.Build.0 = Release|x64
		{B65109F2-67E4-4D2F-AED5-ACD419719AC0}.Release|x86.ActiveCfg = Release|Win32
		{B65109F2-67E4-4D2F-AED5-ACD419719AC0}.Release|x86.Build.0 = Release|Win32
	EndGlobalSection
	GlobalSection(SolutionProperties) = preSolution
		HideSolutionNode = FALSE
	EndGlobalSection
	GlobalSection(ExtensibilityGlobals) = postSolution
		SolutionGuid = {0163BEF9-D76E-419A-822A-7FE1B686AB38}
	EndGlobalSection
EndGlobal
